
Microsoft Visual Studio Solution File, Format Version 12.00
# Visual Studio Version 17
VisualStudioVersion = 17.6.33815.320
MinimumVisualStudioVersion = 10.0.40219.1
Project("{FAE04EC0-301F-11D3-BF4B-00C04F79EFBC}") = "PrepCodeChallenges", "PrepCodeChallenges\PrepCodeChallenges.csproj", "{06924A54-E132-45A1-A53F-48BFDC8BB028}"
EndProject
Global
	GlobalSection(SolutionConfigurationPlatforms) = preSolution
		Debug|Any CPU = Debug|Any CPU
		Release|Any CPU = Release|Any CPU
	EndGlobalSection
	GlobalSection(ProjectConfigurationPlatforms) = postSolution
		{06924A54-E132-45A1-A53F-48BFDC8BB028}.Debug|Any CPU.ActiveCfg = Debug|Any CPU
		{06924A54-E132-45A1-A53F-48BFDC8BB028}.Debug|Any CPU.Build.0 = Debug|Any CPU
		{06924A54-E132-45A1-A53F-48BFDC8BB028}.Release|Any CPU.ActiveCfg = Release|Any CPU
		{06924A54-E132-45A1-A53F-48BFDC8BB028}.Release|Any CPU.Build.0 = Release|Any CPU
	EndGlobalSection
	GlobalSection(SolutionProperties) = preSolution
		HideSolutionNode = FALSE
	EndGlobalSection
	GlobalSection(ExtensibilityGlobals) = postSolution
		SolutionGuid = {72B67FB0-8B9C-434F-A567-61A3853720BD}
	EndGlobalSection
EndGlobal
